
Microsoft Visual Studio Solution File, Format Version 12.00
# Visual Studio Version 17
VisualStudioVersion = 17.4.33213.308
MinimumVisualStudioVersion = 10.0.40219.1
Project("{FAE04EC0-301F-11D3-BF4B-00C04F79EFBC}") = "Abstraction.Homework.2012023", "Abstraction.Homework.2012023\Abstraction.Homework.2012023.csproj", "{6B53E969-35EF-46A7-87B6-6AD531AAB778}"
EndProject
Global
	GlobalSection(SolutionConfigurationPlatforms) = preSolution
		Debug|Any CPU = Debug|Any CPU
		Release|Any CPU = Release|Any CPU
	EndGlobalSection
	GlobalSection(ProjectConfigurationPlatforms) = postSolution
		{6B53E969-35EF-46A7-87B6-6AD531AAB778}.Debug|Any CPU.ActiveCfg = Debug|Any CPU
		{6B53E969-35EF-46A7-87B6-6AD531AAB778}.Debug|Any CPU.Build.0 = Debug|Any CPU
		{6B53E969-35EF-46A7-87B6-6AD531AAB778}.Release|Any CPU.ActiveCfg = Release|Any CPU
		{6B53E969-35EF-46A7-87B6-6AD531AAB778}.Release|Any CPU.Build.0 = Release|Any CPU
	EndGlobalSection
	GlobalSection(SolutionProperties) = preSolution
		HideSolutionNode = FALSE
	EndGlobalSection
	GlobalSection(ExtensibilityGlobals) = postSolution
		SolutionGuid = {548DDC24-C64C-4583-947C-C8247C33377E}
	EndGlobalSection
EndGlobal
